{
    "requires": true,
    "lockfileVersion": 1,
    "dependencies": {
        "intl-tel-input": {
            "version": "15.1.2",
            "resolved": "https://registry.npmjs.org/intl-tel-input/-/intl-tel-input-15.1.2.tgz",
            "integrity": "sha512-LizeF3myZbS4+DOE19qt/1pEHbJhKKdNQucuSa7dmr0qpi/fJX37a3UsZNkFTDja1OSsfhUapqZvO4H4nHjEwA=="
        }
    }
}
